
Microsoft Visual Studio Solution File, Format Version 12.00
# Visual Studio Version 17
VisualStudioVersion = 17.3.32929.385
MinimumVisualStudioVersion = 10.0.40219.1
Project("{FAE04EC0-301F-11D3-BF4B-00C04F79EFBC}") = "UmnojavaneNaChetniPoNechetni", "UmnojavaneNaChetniPoNechetni\UmnojavaneNaChetniPoNechetni.csproj", "{911DD768-0FB8-45B7-9434-4B4090881009}"
EndProject
Project("{FAE04EC0-301F-11D3-BF4B-00C04F79EFBC}") = "PochivniDni", "PochivniDni\PochivniDni.csproj", "{483A8155-6956-49F9-A96E-0482512838F1}"
EndProject
Project("{FAE04EC0-301F-11D3-BF4B-00C04F79EFBC}") = "PriceChange", "PriceChange\PriceChange.csproj", "{C19A0511-9033-49DF-B890-6695277DA158}"
EndProject
Global
	GlobalSection(SolutionConfigurationPlatforms) = preSolution
		Debug|Any CPU = Debug|Any CPU
		Release|Any CPU = Release|Any CPU
	EndGlobalSection
	GlobalSection(ProjectConfigurationPlatforms) = postSolution
		{911DD768-0FB8-45B7-9434-4B4090881009}.Debug|Any CPU.ActiveCfg = Debug|Any CPU
		{911DD768-0FB8-45B7-9434-4B4090881009}.Debug|Any CPU.Build.0 = Debug|Any CPU
		{911DD768-0FB8-45B7-9434-4B4090881009}.Release|Any CPU.ActiveCfg = Release|Any CPU
		{911DD768-0FB8-45B7-9434-4B4090881009}.Release|Any CPU.Build.0 = Release|Any CPU
		{483A8155-6956-49F9-A96E-0482512838F1}.Debug|Any CPU.ActiveCfg = Debug|Any CPU
		{483A8155-6956-49F9-A96E-0482512838F1}.Debug|Any CPU.Build.0 = Debug|Any CPU
		{483A8155-6956-49F9-A96E-0482512838F1}.Release|Any CPU.ActiveCfg = Release|Any CPU
		{483A8155-6956-49F9-A96E-0482512838F1}.Release|Any CPU.Build.0 = Release|Any CPU
		{C19A0511-9033-49DF-B890-6695277DA158}.Debug|Any CPU.ActiveCfg = Debug|Any CPU
		{C19A0511-9033-49DF-B890-6695277DA158}.Debug|Any CPU.Build.0 = Debug|Any CPU
		{C19A0511-9033-49DF-B890-6695277DA158}.Release|Any CPU.ActiveCfg = Release|Any CPU
		{C19A0511-9033-49DF-B890-6695277DA158}.Release|Any CPU.Build.0 = Release|Any CPU
	EndGlobalSection
	GlobalSection(SolutionProperties) = preSolution
		HideSolutionNode = FALSE
	EndGlobalSection
	GlobalSection(ExtensibilityGlobals) = postSolution
		SolutionGuid = {520F7348-ECD7-490E-BF4B-C05C7B1EDE94}
	EndGlobalSection
EndGlobal
